Microsoft Visual Studio Solution File, Format Version 11.00
# Visual Studio 2010
Project("{FAE04EC0-301F-11D3-BF4B-00C04F79EFBC}") = "XpoConsoleApplication", "XpoConsoleApplication\XpoConsoleApplication.csproj", "{F8682AC3-DB95-4564-B971-B3412CF93D17}"
EndProject
Global
	GlobalSection(SolutionConfigurationPlatforms) = preSolution
		Debug|x86 = Debug|x86
		Release|x86 = Release|x86
	EndGlobalSection
	GlobalSection(ProjectConfigurationPlatforms) = postSolution
		{F8682AC3-DB95-4564-B971-B3412CF93D17}.Debug|x86.ActiveCfg = Debug|x86
		{F8682AC3-DB95-4564-B971-B3412CF93D17}.Debug|x86.Build.0 = Debug|x86
		{F8682AC3-DB95-4564-B971-B3412CF93D17}.Release|x86.ActiveCfg = Release|x86
		{F8682AC3-DB95-4564-B971-B3412CF93D17}.Release|x86.Build.0 = Release|x86
	EndGlobalSection
	GlobalSection(SolutionProperties) = preSolution
		HideSolutionNode = FALSE
	EndGlobalSection
EndGlobal
